
Microsoft Visual Studio Solution File, Format Version 12.00
# Visual Studio 15
VisualStudioVersion = 15.0.27703.2047
MinimumVisualStudioVersion = 10.0.40219.1
Project("{9A19103F-16F7-4668-BE54-9A1E7A4F7556}") = "FundsHistoricalQuotes.Api", "FundsHistoricalQuotes.Api\FundsHistoricalQuotes.Api.csproj", "{15BCBF06-AEF2-45DE-BEAE-46EFE1899098}"
EndProject
Project("{9A19103F-16F7-4668-BE54-9A1E7A4F7556}") = "FundsHistoricalQuotes.Core", "FundsHistoricalQuotes.Core\FundsHistoricalQuotes.Core.csproj", "{DD79C3E7-51A1-4409-AA37-0722F4031243}"
EndProject
Project("{FAE04EC0-301F-11D3-BF4B-00C04F79EFBC}") = "FundsHistoricalQuotes.Tests.Unit", "FundsHistoricalQuotes.Tests.Unit\FundsHistoricalQuotes.Tests.Unit.csproj", "{5AE6B3B8-B4F8-4330-95E9-0F0A731B3BDA}"
EndProject
Global
	GlobalSection(SolutionConfigurationPlatforms) = preSolution
		Debug|Any CPU = Debug|Any CPU
		Release|Any CPU = Release|Any CPU
	EndGlobalSection
	GlobalSection(ProjectConfigurationPlatforms) = postSolution
		{15BCBF06-AEF2-45DE-BEAE-46EFE1899098}.Debug|Any CPU.ActiveCfg = Debug|Any CPU
		{15BCBF06-AEF2-45DE-BEAE-46EFE1899098}.Debug|Any CPU.Build.0 = Debug|Any CPU
		{15BCBF06-AEF2-45DE-BEAE-46EFE1899098}.Release|Any CPU.ActiveCfg = Release|Any CPU
		{15BCBF06-AEF2-45DE-BEAE-46EFE1899098}.Release|Any CPU.Build.0 = Release|Any CPU
		{DD79C3E7-51A1-4409-AA37-0722F4031243}.Debug|Any CPU.ActiveCfg = Debug|Any CPU
		{DD79C3E7-51A1-4409-AA37-0722F4031243}.Debug|Any CPU.Build.0 = Debug|Any CPU
		{DD79C3E7-51A1-4409-AA37-0722F4031243}.Release|Any CPU.ActiveCfg = Release|Any CPU
		{DD79C3E7-51A1-4409-AA37-0722F4031243}.Release|Any CPU.Build.0 = Release|Any CPU
		{5AE6B3B8-B4F8-4330-95E9-0F0A731B3BDA}.Debug|Any CPU.ActiveCfg = Debug|Any CPU
		{5AE6B3B8-B4F8-4330-95E9-0F0A731B3BDA}.Debug|Any CPU.Build.0 = Debug|Any CPU
		{5AE6B3B8-B4F8-4330-95E9-0F0A731B3BDA}.Release|Any CPU.ActiveCfg = Release|Any CPU
		{5AE6B3B8-B4F8-4330-95E9-0F0A731B3BDA}.Release|Any CPU.Build.0 = Release|Any CPU
	EndGlobalSection
	GlobalSection(SolutionProperties) = preSolution
		HideSolutionNode = FALSE
	EndGlobalSection
	GlobalSection(ExtensibilityGlobals) = postSolution
		SolutionGuid = {F8E04B72-33F4-40C9-9873-20A844D56B46}
	EndGlobalSection
EndGlobal
